
Microsoft Visual Studio Solution File, Format Version 12.00
# Visual Studio Version 17
VisualStudioVersion = 17.4.33205.214
MinimumVisualStudioVersion = 10.0.40219.1
Project("{FAE04EC0-301F-11D3-BF4B-00C04F79EFBC}") = "B10810059-柯翰聲", "B10810059-柯翰聲\B10810059-柯翰聲.csproj", "{CC3EE138-7303-41C1-9548-A39F45D1EDC1}"
EndProject
Global
	GlobalSection(SolutionConfigurationPlatforms) = preSolution
		Debug|Any CPU = Debug|Any CPU
		Release|Any CPU = Release|Any CPU
	EndGlobalSection
	GlobalSection(ProjectConfigurationPlatforms) = postSolution
		{CC3EE138-7303-41C1-9548-A39F45D1EDC1}.Debug|Any CPU.ActiveCfg = Debug|Any CPU
		{CC3EE138-7303-41C1-9548-A39F45D1EDC1}.Debug|Any CPU.Build.0 = Debug|Any CPU
		{CC3EE138-7303-41C1-9548-A39F45D1EDC1}.Release|Any CPU.ActiveCfg = Release|Any CPU
		{CC3EE138-7303-41C1-9548-A39F45D1EDC1}.Release|Any CPU.Build.0 = Release|Any CPU
	EndGlobalSection
	GlobalSection(SolutionProperties) = preSolution
		HideSolutionNode = FALSE
	EndGlobalSection
	GlobalSection(ExtensibilityGlobals) = postSolution
		SolutionGuid = {273B375F-3DF7-4623-90C9-82C92133B511}
	EndGlobalSection
EndGlobal
